
Microsoft Visual Studio Solution File, Format Version 12.00
# Visual Studio Version 17
VisualStudioVersion = 17.1.32407.343
MinimumVisualStudioVersion = 10.0.40219.1
Project("{FAE04EC0-301F-11D3-BF4B-00C04F79EFBC}") = "TaskAspPraktikaTamp", "TaskAspPraktikaTamp\TaskAspPraktikaTamp.csproj", "{8349A4D3-9C04-45CB-B8CB-C957E8565E0B}"
EndProject
Global
	GlobalSection(SolutionConfigurationPlatforms) = preSolution
		Debug|Any CPU = Debug|Any CPU
		Release|Any CPU = Release|Any CPU
	EndGlobalSection
	GlobalSection(ProjectConfigurationPlatforms) = postSolution
		{8349A4D3-9C04-45CB-B8CB-C957E8565E0B}.Debug|Any CPU.ActiveCfg = Debug|Any CPU
		{8349A4D3-9C04-45CB-B8CB-C957E8565E0B}.Debug|Any CPU.Build.0 = Debug|Any CPU
		{8349A4D3-9C04-45CB-B8CB-C957E8565E0B}.Release|Any CPU.ActiveCfg = Release|Any CPU
		{8349A4D3-9C04-45CB-B8CB-C957E8565E0B}.Release|Any CPU.Build.0 = Release|Any CPU
	EndGlobalSection
	GlobalSection(SolutionProperties) = preSolution
		HideSolutionNode = FALSE
	EndGlobalSection
	GlobalSection(ExtensibilityGlobals) = postSolution
		SolutionGuid = {3841FB17-1669-4425-BBAF-B854346C0382}
	EndGlobalSection
EndGlobal
